{
  "requires": true,
  "lockfileVersion": 1,
  "dependencies": {
    "tinymce": {
      "version": "5.1.0",
      "resolved": "https://registry.npmjs.org/tinymce/-/tinymce-5.1.0.tgz",
      "integrity": "sha512-zprr8gLHNCxxT4ebgwwIg1erhxQs1GUb3YHgNlRAuGRButDsrn35e1HW9YtMli/AnuY+ECcqyqhEI/wUNMYEFw=="
    }
  }
}
